
Microsoft Visual Studio Solution File, Format Version 12.00
# Visual Studio 15
VisualStudioVersion = 15.0.27703.2035
MinimumVisualStudioVersion = 10.0.40219.1
Project("{FAE04EC0-301F-11D3-BF4B-00C04F79EFBC}") = "Task3AutomaticTelephoneExchange", "Task3AutomaticTelephoneExchange\Task3AutomaticTelephoneExchange.csproj", "{110BFDC4-955B-4EA2-B49E-3AE683456D12}"
EndProject
Global
	GlobalSection(SolutionConfigurationPlatforms) = preSolution
		Debug|Any CPU = Debug|Any CPU
		Release|Any CPU = Release|Any CPU
	EndGlobalSection
	GlobalSection(ProjectConfigurationPlatforms) = postSolution
		{110BFDC4-955B-4EA2-B49E-3AE683456D12}.Debug|Any CPU.ActiveCfg = Debug|Any CPU
		{110BFDC4-955B-4EA2-B49E-3AE683456D12}.Debug|Any CPU.Build.0 = Debug|Any CPU
		{110BFDC4-955B-4EA2-B49E-3AE683456D12}.Release|Any CPU.ActiveCfg = Release|Any CPU
		{110BFDC4-955B-4EA2-B49E-3AE683456D12}.Release|Any CPU.Build.0 = Release|Any CPU
	EndGlobalSection
	GlobalSection(SolutionProperties) = preSolution
		HideSolutionNode = FALSE
	EndGlobalSection
	GlobalSection(ExtensibilityGlobals) = postSolution
		SolutionGuid = {FC0A8ECD-B153-4196-B444-1BDE11C22CF7}
	EndGlobalSection
EndGlobal
